
Microsoft Visual Studio Solution File, Format Version 12.00
# Visual Studio Version 17
VisualStudioVersion = 17.9.34728.123
MinimumVisualStudioVersion = 10.0.40219.1
Project("{9A19103F-16F7-4668-BE54-9A1E7A4F7556}") = "LinearList", "LinearList\LinearList.csproj", "{4DABB0A6-8912-416A-9969-0A3ABE9378E9}"
EndProject
Project("{9A19103F-16F7-4668-BE54-9A1E7A4F7556}") = "turnTableGame", "turnTableGame\turnTableGame.csproj", "{10ACF1AE-D415-42F5-AC00-8971E1531701}"
EndProject
Project("{9A19103F-16F7-4668-BE54-9A1E7A4F7556}") = "Stack", "Stack\Stack.csproj", "{090ED245-D569-490F-ABEA-5FF1ACEB118D}"
EndProject
Project("{9A19103F-16F7-4668-BE54-9A1E7A4F7556}") = "lab_1", "lab_1\lab_1\lab_1.csproj", "{5C500533-788E-47DA-AFA3-9EEC4B8096F8}"
EndProject
Global
	GlobalSection(SolutionConfigurationPlatforms) = preSolution
		Debug|Any CPU = Debug|Any CPU
		Release|Any CPU = Release|Any CPU
	EndGlobalSection
	GlobalSection(ProjectConfigurationPlatforms) = postSolution
		{4DABB0A6-8912-416A-9969-0A3ABE9378E9}.Debug|Any CPU.ActiveCfg = Debug|Any CPU
		{4DABB0A6-8912-416A-9969-0A3ABE9378E9}.Debug|Any CPU.Build.0 = Debug|Any CPU
		{4DABB0A6-8912-416A-9969-0A3ABE9378E9}.Release|Any CPU.ActiveCfg = Release|Any CPU
		{4DABB0A6-8912-416A-9969-0A3ABE9378E9}.Release|Any CPU.Build.0 = Release|Any CPU
		{10ACF1AE-D415-42F5-AC00-8971E1531701}.Debug|Any CPU.ActiveCfg = Debug|Any CPU
		{10ACF1AE-D415-42F5-AC00-8971E1531701}.Debug|Any CPU.Build.0 = Debug|Any CPU
		{10ACF1AE-D415-42F5-AC00-8971E1531701}.Release|Any CPU.ActiveCfg = Release|Any CPU
		{10ACF1AE-D415-42F5-AC00-8971E1531701}.Release|Any CPU.Build.0 = Release|Any CPU
		{090ED245-D569-490F-ABEA-5FF1ACEB118D}.Debug|Any CPU.ActiveCfg = Debug|Any CPU
		{090ED245-D569-490F-ABEA-5FF1ACEB118D}.Debug|Any CPU.Build.0 = Debug|Any CPU
		{090ED245-D569-490F-ABEA-5FF1ACEB118D}.Release|Any CPU.ActiveCfg = Release|Any CPU
		{090ED245-D569-490F-ABEA-5FF1ACEB118D}.Release|Any CPU.Build.0 = Release|Any CPU
		{5C500533-788E-47DA-AFA3-9EEC4B8096F8}.Debug|Any CPU.ActiveCfg = Debug|Any CPU
		{5C500533-788E-47DA-AFA3-9EEC4B8096F8}.Debug|Any CPU.Build.0 = Debug|Any CPU
		{5C500533-788E-47DA-AFA3-9EEC4B8096F8}.Release|Any CPU.ActiveCfg = Release|Any CPU
		{5C500533-788E-47DA-AFA3-9EEC4B8096F8}.Release|Any CPU.Build.0 = Release|Any CPU
	EndGlobalSection
	GlobalSection(SolutionProperties) = preSolution
		HideSolutionNode = FALSE
	EndGlobalSection
	GlobalSection(ExtensibilityGlobals) = postSolution
		SolutionGuid = {5A9A6F20-0965-46F0-845F-E337460AFD24}
	EndGlobalSection
EndGlobal
